// !$*UTF8*$!
{
	archiveVersion = 1;
	classes = {
	};
	objectVersion = 56;
	objects = {

/* Begin PBXBuildFile section */
		2A294741604ED11BCA7E7E11 /* PulseApp.swift in Sources */ = {isa = PBXBuildFile; fileRef = 9D5309CAF2CC1BC7C626E937 /* PulseApp.swift */; };
		2DDF84152966AA5717DC726F /* Models.swift in Sources */ = {isa = PBXBuildFile; fileRef = D294E965355A4938AEDCE23C /* Models.swift */; };
		3D10E0822C38DC52C16C8ED3 /* AppDelegate.swift in Sources */ = {isa = PBXBuildFile; fileRef = 3A66CFA62158D790C30E2FB1 /* AppDelegate.swift */; };
		5DA59D05C6A415418B6CD0BE /* PulseStore.swift in Sources */ = {isa = PBXBuildFile; fileRef = 9CC40775EEF0A05B18A64A07 /* PulseStore.swift */; };
		65D93EA5AB090805C32ECDDA /* VlogComposer.swift in Sources */ = {isa = PBXBuildFile; fileRef = 92516DB443DED4627483EBD9 /* VlogComposer.swift */; };
		6C6266F065F4CE876C13DAC9 /* CaptureMomentView.swift in Sources */ = {isa = PBXBuildFile; fileRef = 7287F9A302CA0BEF8682A41D /* CaptureMomentView.swift */; };
		6F3AD80DC75ABAE3A299B078 /* ContentView.swift in Sources */ = {isa = PBXBuildFile; fileRef = 9A2CA89FD1A0CD1BE844A592 /* ContentView.swift */; };
		9D388FFB523157DF35454A75 /* NotificationScheduler.swift in Sources */ = {isa = PBXBuildFile; fileRef = 01996E3ABF13BE648BFBF8B7 /* NotificationScheduler.swift */; };
		AA11223344556677889900AA /* ArchiveView.swift in Sources */ = {isa = PBXBuildFile; fileRef = BB11223344556677889900BB /* ArchiveView.swift */; };
		CC11223344556677889900CC /* RootView.swift in Sources */ = {isa = PBXBuildFile; fileRef = DD11223344556677889900DD /* RootView.swift */; };
		EF11223344556677889900EF /* VideoTrimmer.swift in Sources */ = {isa = PBXBuildFile; fileRef = GH11223344556677889900GH /* VideoTrimmer.swift */; };
		CP11223344556677889900CP /* CameraPage.swift in Sources */ = {isa = PBXBuildFile; fileRef = CQ11223344556677889900CQ /* CameraPage.swift */; };
		MA11223344556677889900MA /* city_drift.mp3 in Resources */ = {isa = PBXBuildFile; fileRef = MR11223344556677889900MR /* city_drift.mp3 */; };
		MB11223344556677889900MB /* golden_hour.mp3 in Resources */ = {isa = PBXBuildFile; fileRef = MS11223344556677889900MS /* golden_hour.mp3 */; };
		MC11223344556677889900MC /* window_film.mp3 in Resources */ = {isa = PBXBuildFile; fileRef = MT11223344556677889900MT /* window_film.mp3 */; };
/* End PBXBuildFile section */

/* Begin PBXFileReference section */
		01996E3ABF13BE648BFBF8B7 /* NotificationScheduler.swift */ = {isa = PBXFileReference; lastKnownFileType = sourcecode.swift; path = NotificationScheduler.swift; sourceTree = "<group>"; };
		13FEF2D2118D74C3572DF349 /* Pulse.app */ = {isa = PBXFileReference; explicitFileType = wrapper.application; includeInIndex = 0; path = Pulse.app; sourceTree = BUILT_PRODUCTS_DIR; };
		3A66CFA62158D790C30E2FB1 /* AppDelegate.swift */ = {isa = PBXFileReference; lastKnownFileType = sourcecode.swift; path = AppDelegate.swift; sourceTree = "<group>"; };
		7287F9A302CA0BEF8682A41D /* CaptureMomentView.swift */ = {isa = PBXFileReference; lastKnownFileType = sourcecode.swift; path = CaptureMomentView.swift; sourceTree = "<group>"; };
		92516DB443DED4627483EBD9 /* VlogComposer.swift */ = {isa = PBXFileReference; lastKnownFileType = sourcecode.swift; path = VlogComposer.swift; sourceTree = "<group>"; };
		9A2CA89FD1A0CD1BE844A592 /* ContentView.swift */ = {isa = PBXFileReference; lastKnownFileType = sourcecode.swift; path = ContentView.swift; sourceTree = "<group>"; };
		9CC40775EEF0A05B18A64A07 /* PulseStore.swift */ = {isa = PBXFileReference; lastKnownFileType = sourcecode.swift; path = PulseStore.swift; sourceTree = "<group>"; };
		9D5309CAF2CC1BC7C626E937 /* PulseApp.swift */ = {isa = PBXFileReference; lastKnownFileType = sourcecode.swift; path = PulseApp.swift; sourceTree = "<group>"; };
		BB11223344556677889900BB /* ArchiveView.swift */ = {isa = PBXFileReference; lastKnownFileType = sourcecode.swift; path = ArchiveView.swift; sourceTree = "<group>"; };
		D294E965355A4938AEDCE23C /* Models.swift */ = {isa = PBXFileReference; lastKnownFileType = sourcecode.swift; path = Models.swift; sourceTree = "<group>"; };
		DD11223344556677889900DD /* RootView.swift */ = {isa = PBXFileReference; lastKnownFileType = sourcecode.swift; path = RootView.swift; sourceTree = "<group>"; };
		GH11223344556677889900GH /* VideoTrimmer.swift */ = {isa = PBXFileReference; lastKnownFileType = sourcecode.swift; path = VideoTrimmer.swift; sourceTree = "<group>"; };
		CQ11223344556677889900CQ /* CameraPage.swift */ = {isa = PBXFileReference; lastKnownFileType = sourcecode.swift; path = CameraPage.swift; sourceTree = "<group>"; };
		MR11223344556677889900MR /* city_drift.mp3 */ = {isa = PBXFileReference; lastKnownFileType = audio.mp3; path = city_drift.mp3; sourceTree = "<group>"; };
		MS11223344556677889900MS /* golden_hour.mp3 */ = {isa = PBXFileReference; lastKnownFileType = audio.mp3; path = golden_hour.mp3; sourceTree = "<group>"; };
		MT11223344556677889900MT /* window_film.mp3 */ = {isa = PBXFileReference; lastKnownFileType = audio.mp3; path = window_film.mp3; sourceTree = "<group>"; };
/* End PBXFileReference section */

/* Begin PBXGroup section */
		16C8605271C6A45188D07E13 /* Pulse */ = {
			isa = PBXGroup;
			children = (
				3A66CFA62158D790C30E2FB1 /* AppDelegate.swift */,
				BB11223344556677889900BB /* ArchiveView.swift */,
				7287F9A302CA0BEF8682A41D /* CaptureMomentView.swift */,
				9A2CA89FD1A0CD1BE844A592 /* ContentView.swift */,
				D294E965355A4938AEDCE23C /* Models.swift */,
				01996E3ABF13BE648BFBF8B7 /* NotificationScheduler.swift */,
				9D5309CAF2CC1BC7C626E937 /* PulseApp.swift */,
				9CC40775EEF0A05B18A64A07 /* PulseStore.swift */,
				DD11223344556677889900DD /* RootView.swift */,
				GH11223344556677889900GH /* VideoTrimmer.swift */,
				CQ11223344556677889900CQ /* CameraPage.swift */,
				MR11223344556677889900MR /* city_drift.mp3 */,
				MS11223344556677889900MS /* golden_hour.mp3 */,
				MT11223344556677889900MT /* window_film.mp3 */,
				92516DB443DED4627483EBD9 /* VlogComposer.swift */,
			);
			path = Pulse;
			sourceTree = "<group>";
		};
		1FEE830988994786371D8E45 /* Products */ = {
			isa = PBXGroup;
			children = (
				13FEF2D2118D74C3572DF349 /* Pulse.app */,
			);
			name = Products;
			sourceTree = "<group>";
		};
		7A87E3B4AE2E59047EFB8F61 = {
			isa = PBXGroup;
			children = (
				16C8605271C6A45188D07E13 /* Pulse */,
				1FEE830988994786371D8E45 /* Products */,
			);
			sourceTree = "<group>";
		};
/* End PBXGroup section */

/* Begin PBXNativeTarget section */
		CF79B1BAD3D70F54153FE0B3 /* Pulse */ = {
			isa = PBXNativeTarget;
			buildConfigurationList = 9608D96881FD5C17BB380FA0 /* Build configuration list for PBXNativeTarget "Pulse" */;
			buildPhases = (
				D70CFAE236269B6E146109F4 /* Sources */,
				RR11223344556677889900RR /* Resources */,
			);
			buildRules = (
			);
			dependencies = (
			);
			name = Pulse;
			productName = Pulse;
			productReference = 13FEF2D2118D74C3572DF349 /* Pulse.app */;
			productType = "com.apple.product-type.application";
		};
/* End PBXNativeTarget section */

/* Begin PBXProject section */
		84FEC84833EC6BF77563A3F6 /* Project object */ = {
			isa = PBXProject;
			attributes = {
				BuildIndependentTargetsInParallel = YES;
				LastUpgradeCheck = 1430;
			};
			buildConfigurationList = AEADBFB0BC46A63478A94A51 /* Build configuration list for PBXProject "Pulse" */;
			compatibilityVersion = "Xcode 14.0";
			developmentRegion = en;
			hasScannedForEncodings = 0;
			knownRegions = (
				Base,
				en,
			);
			mainGroup = 7A87E3B4AE2E59047EFB8F61;
			projectDirPath = "";
			projectRoot = "";
			targets = (
				CF79B1BAD3D70F54153FE0B3 /* Pulse */,
			);
		};
/* End PBXProject section */

/* Begin PBXSourcesBuildPhase section */
		D70CFAE236269B6E146109F4 /* Sources */ = {
			isa = PBXSourcesBuildPhase;
			buildActionMask = 2147483647;
			files = (
				3D10E0822C38DC52C16C8ED3 /* AppDelegate.swift in Sources */,
				AA11223344556677889900AA /* ArchiveView.swift in Sources */,
				6C6266F065F4CE876C13DAC9 /* CaptureMomentView.swift in Sources */,
				6F3AD80DC75ABAE3A299B078 /* ContentView.swift in Sources */,
				2DDF84152966AA5717DC726F /* Models.swift in Sources */,
				9D388FFB523157DF35454A75 /* NotificationScheduler.swift in Sources */,
				2A294741604ED11BCA7E7E11 /* PulseApp.swift in Sources */,
				5DA59D05C6A415418B6CD0BE /* PulseStore.swift in Sources */,
				CC11223344556677889900CC /* RootView.swift in Sources */,
				EF11223344556677889900EF /* VideoTrimmer.swift in Sources */,
				65D93EA5AB090805C32ECDDA /* VlogComposer.swift in Sources */,
				CP11223344556677889900CP /* CameraPage.swift in Sources */,
			);
			runOnlyForDeploymentPostprocessing = 0;
		};
/* End PBXSourcesBuildPhase section */

/* Begin PBXResourcesBuildPhase section */
		RR11223344556677889900RR /* Resources */ = {
			isa = PBXResourcesBuildPhase;
			buildActionMask = 2147483647;
			files = (
				MA11223344556677889900MA /* city_drift.mp3 in Resources */,
				MB11223344556677889900MB /* golden_hour.mp3 in Resources */,
				MC11223344556677889900MC /* window_film.mp3 in Resources */,
			);
			runOnlyForDeploymentPostprocessing = 0;
		};
/* End PBXResourcesBuildPhase section */

/* Begin XCBuildConfiguration section */
		2E7048B1817FBF01C246A8F3 /* Release */ = {
			isa = XCBuildConfiguration;
			buildSettings = {
				ALWAYS_SEARCH_USER_PATHS = NO;
				CLANG_ANALYZER_NONNULL = YES;
				CLANG_ANALYZER_NUMBER_OBJECT_CONVERSION = YES_AGGRESSIVE;
				CLANG_CXX_LANGUAGE_STANDARD = "gnu++14";
				CLANG_CXX_LIBRARY = "libc++";
				CLANG_ENABLE_MODULES = YES;
				CLANG_ENABLE_OBJC_ARC = YES;
				CLANG_ENABLE_OBJC_WEAK = YES;
				CLANG_WARN_BLOCK_CAPTURE_AUTORELEASING = YES;
				CLANG_WARN_BOOL_CONVERSION = YES;
				CLANG_WARN_COMMA = YES;
				CLANG_WARN_CONSTANT_CONVERSION = YES;
				CLANG_WARN_DEPRECATED_OBJC_IMPLEMENTATIONS = YES;
				CLANG_WARN_DIRECT_OBJC_ISA_USAGE = YES_ERROR;
				CLANG_WARN_DOCUMENTATION_COMMENTS = YES;
				CLANG_WARN_EMPTY_BODY = YES;
				CLANG_WARN_ENUM_CONVERSION = YES;
				CLANG_WARN_INFINITE_RECURSION = YES;
				CLANG_WARN_INT_CONVERSION = YES;
				CLANG_WARN_NON_LITERAL_NULL_CONVERSION = YES;
				CLANG_WARN_OBJC_IMPLICIT_RETAIN_SELF = YES;
				CLANG_WARN_OBJC_LITERAL_CONVERSION = YES;
				CLANG_WARN_OBJC_ROOT_CLASS = YES_ERROR;
				CLANG_WARN_QUOTED_INCLUDE_IN_FRAMEWORK_HEADER = YES;
				CLANG_WARN_RANGE_LOOP_ANALYSIS = YES;
				CLANG_WARN_STRICT_PROTOTYPES = YES;
				CLANG_WARN_SUSPICIOUS_MOVE = YES;
				CLANG_WARN_UNGUARDED_AVAILABILITY = YES_AGGRESSIVE;
				CLANG_WARN_UNREACHABLE_CODE = YES;
				CLANG_WARN__DUPLICATE_METHOD_MATCH = YES;
				COPY_PHASE_STRIP = NO;
				CURRENT_PROJECT_VERSION = 1;
				DEBUG_INFORMATION_FORMAT = "dwarf-with-dsym";
				ENABLE_NS_ASSERTIONS = NO;
				ENABLE_STRICT_OBJC_MSGSEND = YES;
				GCC_C_LANGUAGE_STANDARD = gnu11;
				GCC_NO_COMMON_BLOCKS = YES;
				GCC_WARN_64_TO_32_BIT_CONVERSION = YES;
				GCC_WARN_ABOUT_RETURN_TYPE = YES_ERROR;
				GCC_WARN_UNDECLARED_SELECTOR = YES;
				GCC_WARN_UNINITIALIZED_AUTOS = YES_AGGRESSIVE;
				GCC_WARN_UNUSED_FUNCTION = YES;
				GCC_WARN_UNUSED_VARIABLE = YES;
				IPHONEOS_DEPLOYMENT_TARGET = 17.0;
				MARKETING_VERSION = 1.0;
				MTL_ENABLE_DEBUG_INFO = NO;
				MTL_FAST_MATH = YES;
				PRODUCT_NAME = "$(TARGET_NAME)";
				SDKROOT = iphoneos;
				SWIFT_COMPILATION_MODE = wholemodule;
				SWIFT_OPTIMIZATION_LEVEL = "-O";
				SWIFT_VERSION = 5.9;
			};
			name = Release;
		};
		78CFDB6D85EA0A925D164718 /* Debug */ = {
			isa = XCBuildConfiguration;
			buildSettings = {
				ASSETCATALOG_COMPILER_APPICON_NAME = AppIcon;
				CODE_SIGN_IDENTITY = "iPhone Developer";
				DEVELOPMENT_TEAM = 8UZA23MPK3;
				GENERATE_INFOPLIST_FILE = YES;
				INFOPLIST_KEY_CFBundleDisplayName = MyVlog;
				INFOPLIST_KEY_NSCameraUsageDescription = "MyVlogは通知が届いたタイミングで2秒の動画を撮影します。";
				INFOPLIST_KEY_NSMicrophoneUsageDescription = "MyVlogは2秒の動画と一緒に音も記録します。";
				INFOPLIST_KEY_NSPhotoLibraryAddUsageDescription = "MyVlogは完成した1日のショートを写真ライブラリに保存できます。";
				INFOPLIST_KEY_UIApplicationSupportsIndirectInputEvents = YES;
				INFOPLIST_KEY_UILaunchScreen_Generation = YES;
				LD_RUNPATH_SEARCH_PATHS = (
					"$(inherited)",
					"@executable_path/Frameworks",
				);
				PRODUCT_BUNDLE_IDENTIFIER = com.koki.pulse;
				SDKROOT = iphoneos;
				TARGETED_DEVICE_FAMILY = "1,2";
			};
			name = Debug;
		};
		DF81B04A566426AD422B92B3 /* Release */ = {
			isa = XCBuildConfiguration;
			buildSettings = {
				ASSETCATALOG_COMPILER_APPICON_NAME = AppIcon;
				CODE_SIGN_IDENTITY = "iPhone Developer";
				DEVELOPMENT_TEAM = 8UZA23MPK3;
				GENERATE_INFOPLIST_FILE = YES;
				INFOPLIST_KEY_CFBundleDisplayName = MyVlog;
				INFOPLIST_KEY_NSCameraUsageDescription = "MyVlogは通知が届いたタイミングで2秒の動画を撮影します。";
				INFOPLIST_KEY_NSMicrophoneUsageDescription = "MyVlogは2秒の動画と一緒に音も記録します。";
				INFOPLIST_KEY_NSPhotoLibraryAddUsageDescription = "MyVlogは完成した1日のショートを写真ライブラリに保存できます。";
				INFOPLIST_KEY_UIApplicationSupportsIndirectInputEvents = YES;
				INFOPLIST_KEY_UILaunchScreen_Generation = YES;
				LD_RUNPATH_SEARCH_PATHS = (
					"$(inherited)",
					"@executable_path/Frameworks",
				);
				PRODUCT_BUNDLE_IDENTIFIER = com.koki.pulse;
				SDKROOT = iphoneos;
				TARGETED_DEVICE_FAMILY = "1,2";
			};
			name = Release;
		};
		FA223E74BBF86702C72CD3A8 /* Debug */ = {
			isa = XCBuildConfiguration;
			buildSettings = {
				ALWAYS_SEARCH_USER_PATHS = NO;
				CLANG_ANALYZER_NONNULL = YES;
				CLANG_ANALYZER_NUMBER_OBJECT_CONVERSION = YES_AGGRESSIVE;
				CLANG_CXX_LANGUAGE_STANDARD = "gnu++14";
				CLANG_CXX_LIBRARY = "libc++";
				CLANG_ENABLE_MODULES = YES;
				CLANG_ENABLE_OBJC_ARC = YES;
				CLANG_ENABLE_OBJC_WEAK = YES;
				CLANG_WARN_BLOCK_CAPTURE_AUTORELEASING = YES;
				CLANG_WARN_BOOL_CONVERSION = YES;
				CLANG_WARN_COMMA = YES;
				CLANG_WARN_CONSTANT_CONVERSION = YES;
				CLANG_WARN_DEPRECATED_OBJC_IMPLEMENTATIONS = YES;
				CLANG_WARN_DIRECT_OBJC_ISA_USAGE = YES_ERROR;
				CLANG_WARN_DOCUMENTATION_COMMENTS = YES;
				CLANG_WARN_EMPTY_BODY = YES;
				CLANG_WARN_ENUM_CONVERSION = YES;
				CLANG_WARN_INFINITE_RECURSION = YES;
				CLANG_WARN_INT_CONVERSION = YES;
				CLANG_WARN_NON_LITERAL_NULL_CONVERSION = YES;
				CLANG_WARN_OBJC_IMPLICIT_RETAIN_SELF = YES;
				CLANG_WARN_OBJC_LITERAL_CONVERSION = YES;
				CLANG_WARN_OBJC_ROOT_CLASS = YES_ERROR;
				CLANG_WARN_QUOTED_INCLUDE_IN_FRAMEWORK_HEADER = YES;
				CLANG_WARN_RANGE_LOOP_ANALYSIS = YES;
				CLANG_WARN_STRICT_PROTOTYPES = YES;
				CLANG_WARN_SUSPICIOUS_MOVE = YES;
				CLANG_WARN_UNGUARDED_AVAILABILITY = YES_AGGRESSIVE;
				CLANG_WARN_UNREACHABLE_CODE = YES;
				CLANG_WARN__DUPLICATE_METHOD_MATCH = YES;
				COPY_PHASE_STRIP = NO;
				CURRENT_PROJECT_VERSION = 1;
				DEBUG_INFORMATION_FORMAT = dwarf;
				ENABLE_STRICT_OBJC_MSGSEND = YES;
				ENABLE_TESTABILITY = YES;
				GCC_C_LANGUAGE_STANDARD = gnu11;
				GCC_DYNAMIC_NO_PIC = NO;
				GCC_NO_COMMON_BLOCKS = YES;
				GCC_OPTIMIZATION_LEVEL = 0;
				GCC_PREPROCESSOR_DEFINITIONS = (
					"$(inherited)",
					"DEBUG=1",
				);
				GCC_WARN_64_TO_32_BIT_CONVERSION = YES;
				GCC_WARN_ABOUT_RETURN_TYPE = YES_ERROR;
				GCC_WARN_UNDECLARED_SELECTOR = YES;
				GCC_WARN_UNINITIALIZED_AUTOS = YES_AGGRESSIVE;
				GCC_WARN_UNUSED_FUNCTION = YES;
				GCC_WARN_UNUSED_VARIABLE = YES;
				IPHONEOS_DEPLOYMENT_TARGET = 17.0;
				MARKETING_VERSION = 1.0;
				MTL_ENABLE_DEBUG_INFO = INCLUDE_SOURCE;
				MTL_FAST_MATH = YES;
				ONLY_ACTIVE_ARCH = YES;
				PRODUCT_NAME = "$(TARGET_NAME)";
				SDKROOT = iphoneos;
				SWIFT_ACTIVE_COMPILATION_CONDITIONS = DEBUG;
				SWIFT_OPTIMIZATION_LEVEL = "-Onone";
				SWIFT_VERSION = 5.9;
			};
			name = Debug;
		};
/* End XCBuildConfiguration section */

/* Begin XCConfigurationList section */
		9608D96881FD5C17BB380FA0 /* Build configuration list for PBXNativeTarget "Pulse" */ = {
			isa = XCConfigurationList;
			buildConfigurations = (
				78CFDB6D85EA0A925D164718 /* Debug */,
				DF81B04A566426AD422B92B3 /* Release */,
			);
			defaultConfigurationIsVisible = 0;
			defaultConfigurationName = Debug;
		};
		AEADBFB0BC46A63478A94A51 /* Build configuration list for PBXProject "Pulse" */ = {
			isa = XCConfigurationList;
			buildConfigurations = (
				FA223E74BBF86702C72CD3A8 /* Debug */,
				2E7048B1817FBF01C246A8F3 /* Release */,
			);
			defaultConfigurationIsVisible = 0;
			defaultConfigurationName = Debug;
		};
/* End XCConfigurationList section */
	};
	rootObject = 84FEC84833EC6BF77563A3F6 /* Project object */;
}
